
Microsoft Visual Studio Solution File, Format Version 12.00
# Visual Studio Version 16
VisualStudioVersion = 16.0.30717.126
MinimumVisualStudioVersion = 10.0.40219.1
Project("{8BC9CEB8-8B4A-11D0-8D11-00A0C91BC942}") = "1", "1\1.vcxproj", "{BE80DBE0-02F0-429B-B668-579E641C255F}"
EndProject
Project("{8BC9CEB8-8B4A-11D0-8D11-00A0C91BC942}") = "2", "2\2.vcxproj", "{50BC0BBD-AF14-403B-8E38-75EFD4BA70A8}"
EndProject
Project("{8BC9CEB8-8B4A-11D0-8D11-00A0C91BC942}") = "3", "3\3.vcxproj", "{C2D7DC16-ADDC-4A27-9064-260B03CE8D1B}"
EndProject
Global
	GlobalSection(SolutionConfigurationPlatforms) = preSolution
		Debug|x64 = Debug|x64
		Debug|x86 = Debug|x86
		Release|x64 = Release|x64
		Release|x86 = Release|x86
	EndGlobalSection
	GlobalSection(ProjectConfigurationPlatforms) = postSolution
		{BE80DBE0-02F0-429B-B668-579E641C255F}.Debug|x64.ActiveCfg = Debug|x64
		{BE80DBE0-02F0-429B-B668-579E641C255F}.Debug|x64.Build.0 = Debug|x64
		{BE80DBE0-02F0-429B-B668-579E641C255F}.Debug|x86.ActiveCfg = Debug|Win32
		{BE80DBE0-02F0-429B-B668-579E641C255F}.Debug|x86.Build.0 = Debug|Win32
		{BE80DBE0-02F0-429B-B668-579E641C255F}.Release|x64.ActiveCfg = Release|x64
		{BE80DBE0-02F0-429B-B668-579E641C255F}.Release|x64.Build.0 = Release|x64
		{BE80DBE0-02F0-429B-B668-579E641C255F}.Release|x86.ActiveCfg = Release|Win32
		{BE80DBE0-02F0-429B-B668-579E641C255F}.Release|x86.Build.0 = Release|Win32
		{50BC0BBD-AF14-403B-8E38-75EFD4BA70A8}.Debug|x64.ActiveCfg = Debug|x64
		{50BC0BBD-AF14-403B-8E38-75EFD4BA70A8}.Debug|x64.Build.0 = Debug|x64
		{50BC0BBD-AF14-403B-8E38-75EFD4BA70A8}.Debug|x86.ActiveCfg = Debug|Win32
		{50BC0BBD-AF14-403B-8E38-75EFD4BA70A8}.Debug|x86.Build.0 = Debug|Win32
		{50BC0BBD-AF14-403B-8E38-75EFD4BA70A8}.Release|x64.ActiveCfg = Release|x64
		{50BC0BBD-AF14-403B-8E38-75EFD4BA70A8}.Release|x64.Build.0 = Release|x64
		{50BC0BBD-AF14-403B-8E38-75EFD4BA70A8}.Release|x86.ActiveCfg = Release|Win32
		{50BC0BBD-AF14-403B-8E38-75EFD4BA70A8}.Release|x86.Build.0 = Release|Win32
		{C2D7DC16-ADDC-4A27-9064-260B03CE8D1B}.Debug|x64.ActiveCfg = Debug|x64
		{C2D7DC16-ADDC-4A27-9064-260B03CE8D1B}.Debug|x64.Build.0 = Debug|x64
		{C2D7DC16-ADDC-4A27-9064-260B03CE8D1B}.Debug|x86.ActiveCfg = Debug|Win32
		{C2D7DC16-ADDC-4A27-9064-260B03CE8D1B}.Debug|x86.Build.0 = Debug|Win32
		{C2D7DC16-ADDC-4A27-9064-260B03CE8D1B}.Release|x64.ActiveCfg = Release|x64
		{C2D7DC16-ADDC-4A27-9064-260B03CE8D1B}.Release|x64.Build.0 = Release|x64
		{C2D7DC16-ADDC-4A27-9064-260B03CE8D1B}.Release|x86.ActiveCfg = Release|Win32
		{C2D7DC16-ADDC-4A27-9064-260B03CE8D1B}.Release|x86.Build.0 = Release|Win32
	EndGlobalSection
	GlobalSection(SolutionProperties) = preSolution
		HideSolutionNode = FALSE
	EndGlobalSection
	GlobalSection(ExtensibilityGlobals) = postSolution
		SolutionGuid = {B6DC57FA-7F2C-41FF-87CE-3B64E19691AC}
	EndGlobalSection
EndGlobal
