
Microsoft Visual Studio Solution File, Format Version 12.00
# Visual Studio Version 16
VisualStudioVersion = 16.0.30717.126
MinimumVisualStudioVersion = 10.0.40219.1
Project("{8BC9CEB8-8B4A-11D0-8D11-00A0C91BC942}") = "1", "1\1.vcxproj", "{1013FA75-728D-4E44-A97A-4F2A2767D399}"
EndProject
Project("{8BC9CEB8-8B4A-11D0-8D11-00A0C91BC942}") = "2", "2\2.vcxproj", "{236FBE2A-52F3-4DC4-84AE-0FA49B97DDE3}"
EndProject
Project("{8BC9CEB8-8B4A-11D0-8D11-00A0C91BC942}") = "3", "3\3.vcxproj", "{1666E24A-F0E5-4258-AD03-E7067E5333A6}"
EndProject
Project("{8BC9CEB8-8B4A-11D0-8D11-00A0C91BC942}") = "4", "4\4.vcxproj", "{3AA5ADB2-481C-4362-8A34-FA0CD381D3B2}"
EndProject
Global
	GlobalSection(SolutionConfigurationPlatforms) = preSolution
		Debug|x64 = Debug|x64
		Debug|x86 = Debug|x86
		Release|x64 = Release|x64
		Release|x86 = Release|x86
	EndGlobalSection
	GlobalSection(ProjectConfigurationPlatforms) = postSolution
		{1013FA75-728D-4E44-A97A-4F2A2767D399}.Debug|x64.ActiveCfg = Debug|x64
		{1013FA75-728D-4E44-A97A-4F2A2767D399}.Debug|x64.Build.0 = Debug|x64
		{1013FA75-728D-4E44-A97A-4F2A2767D399}.Debug|x86.ActiveCfg = Debug|Win32
		{1013FA75-728D-4E44-A97A-4F2A2767D399}.Debug|x86.Build.0 = Debug|Win32
		{1013FA75-728D-4E44-A97A-4F2A2767D399}.Release|x64.ActiveCfg = Release|x64
		{1013FA75-728D-4E44-A97A-4F2A2767D399}.Release|x64.Build.0 = Release|x64
		{1013FA75-728D-4E44-A97A-4F2A2767D399}.Release|x86.ActiveCfg = Release|Win32
		{1013FA75-728D-4E44-A97A-4F2A2767D399}.Release|x86.Build.0 = Release|Win32
		{236FBE2A-52F3-4DC4-84AE-0FA49B97DDE3}.Debug|x64.ActiveCfg = Debug|x64
		{236FBE2A-52F3-4DC4-84AE-0FA49B97DDE3}.Debug|x64.Build.0 = Debug|x64
		{236FBE2A-52F3-4DC4-84AE-0FA49B97DDE3}.Debug|x86.ActiveCfg = Debug|Win32
		{236FBE2A-52F3-4DC4-84AE-0FA49B97DDE3}.Debug|x86.Build.0 = Debug|Win32
		{236FBE2A-52F3-4DC4-84AE-0FA49B97DDE3}.Release|x64.ActiveCfg = Release|x64
		{236FBE2A-52F3-4DC4-84AE-0FA49B97DDE3}.Release|x64.Build.0 = Release|x64
		{236FBE2A-52F3-4DC4-84AE-0FA49B97DDE3}.Release|x86.ActiveCfg = Release|Win32
		{236FBE2A-52F3-4DC4-84AE-0FA49B97DDE3}.Release|x86.Build.0 = Release|Win32
		{1666E24A-F0E5-4258-AD03-E7067E5333A6}.Debug|x64.ActiveCfg = Debug|x64
		{1666E24A-F0E5-4258-AD03-E7067E5333A6}.Debug|x64.Build.0 = Debug|x64
		{1666E24A-F0E5-4258-AD03-E7067E5333A6}.Debug|x86.ActiveCfg = Debug|Win32
		{1666E24A-F0E5-4258-AD03-E7067E5333A6}.Debug|x86.Build.0 = Debug|Win32
		{1666E24A-F0E5-4258-AD03-E7067E5333A6}.Release|x64.ActiveCfg = Release|x64
		{1666E24A-F0E5-4258-AD03-E7067E5333A6}.Release|x64.Build.0 = Release|x64
		{1666E24A-F0E5-4258-AD03-E7067E5333A6}.Release|x86.ActiveCfg = Release|Win32
		{1666E24A-F0E5-4258-AD03-E7067E5333A6}.Release|x86.Build.0 = Release|Win32
		{3AA5ADB2-481C-4362-8A34-FA0CD381D3B2}.Debug|x64.ActiveCfg = Debug|x64
		{3AA5ADB2-481C-4362-8A34-FA0CD381D3B2}.Debug|x64.Build.0 = Debug|x64
		{3AA5ADB2-481C-4362-8A34-FA0CD381D3B2}.Debug|x86.ActiveCfg = Debug|Win32
		{3AA5ADB2-481C-4362-8A34-FA0CD381D3B2}.Debug|x86.Build.0 = Debug|Win32
		{3AA5ADB2-481C-4362-8A34-FA0CD381D3B2}.Release|x64.ActiveCfg = Release|x64
		{3AA5ADB2-481C-4362-8A34-FA0CD381D3B2}.Release|x64.Build.0 = Release|x64
		{3AA5ADB2-481C-4362-8A34-FA0CD381D3B2}.Release|x86.ActiveCfg = Release|Win32
		{3AA5ADB2-481C-4362-8A34-FA0CD381D3B2}.Release|x86.Build.0 = Release|Win32
	EndGlobalSection
	GlobalSection(SolutionProperties) = preSolution
		HideSolutionNode = FALSE
	EndGlobalSection
	GlobalSection(ExtensibilityGlobals) = postSolution
		SolutionGuid = {5E369858-E95E-44CF-B2DC-9DB92413CE98}
	EndGlobalSection
EndGlobal
