
Microsoft Visual Studio Solution File, Format Version 12.00
# Visual Studio Version 16
VisualStudioVersion = 16.0.30717.126
MinimumVisualStudioVersion = 10.0.40219.1
Project("{8BC9CEB8-8B4A-11D0-8D11-00A0C91BC942}") = "1", "1\1.vcxproj", "{F60165F1-D8C9-4498-A2AF-1836AF56D18B}"
EndProject
Project("{8BC9CEB8-8B4A-11D0-8D11-00A0C91BC942}") = "2", "2\2.vcxproj", "{8D709C6D-1C4F-4617-885B-33511BB58A03}"
EndProject
Project("{8BC9CEB8-8B4A-11D0-8D11-00A0C91BC942}") = "3", "3\3.vcxproj", "{5B3AFFCE-81B9-4A66-B2F1-B204D5E03A69}"
EndProject
Global
	GlobalSection(SolutionConfigurationPlatforms) = preSolution
		Debug|x64 = Debug|x64
		Debug|x86 = Debug|x86
		Release|x64 = Release|x64
		Release|x86 = Release|x86
	EndGlobalSection
	GlobalSection(ProjectConfigurationPlatforms) = postSolution
		{F60165F1-D8C9-4498-A2AF-1836AF56D18B}.Debug|x64.ActiveCfg = Debug|x64
		{F60165F1-D8C9-4498-A2AF-1836AF56D18B}.Debug|x64.Build.0 = Debug|x64
		{F60165F1-D8C9-4498-A2AF-1836AF56D18B}.Debug|x86.ActiveCfg = Debug|Win32
		{F60165F1-D8C9-4498-A2AF-1836AF56D18B}.Debug|x86.Build.0 = Debug|Win32
		{F60165F1-D8C9-4498-A2AF-1836AF56D18B}.Release|x64.ActiveCfg = Release|x64
		{F60165F1-D8C9-4498-A2AF-1836AF56D18B}.Release|x64.Build.0 = Release|x64
		{F60165F1-D8C9-4498-A2AF-1836AF56D18B}.Release|x86.ActiveCfg = Release|Win32
		{F60165F1-D8C9-4498-A2AF-1836AF56D18B}.Release|x86.Build.0 = Release|Win32
		{8D709C6D-1C4F-4617-885B-33511BB58A03}.Debug|x64.ActiveCfg = Debug|x64
		{8D709C6D-1C4F-4617-885B-33511BB58A03}.Debug|x64.Build.0 = Debug|x64
		{8D709C6D-1C4F-4617-885B-33511BB58A03}.Debug|x86.ActiveCfg = Debug|Win32
		{8D709C6D-1C4F-4617-885B-33511BB58A03}.Debug|x86.Build.0 = Debug|Win32
		{8D709C6D-1C4F-4617-885B-33511BB58A03}.Release|x64.ActiveCfg = Release|x64
		{8D709C6D-1C4F-4617-885B-33511BB58A03}.Release|x64.Build.0 = Release|x64
		{8D709C6D-1C4F-4617-885B-33511BB58A03}.Release|x86.ActiveCfg = Release|Win32
		{8D709C6D-1C4F-4617-885B-33511BB58A03}.Release|x86.Build.0 = Release|Win32
		{5B3AFFCE-81B9-4A66-B2F1-B204D5E03A69}.Debug|x64.ActiveCfg = Debug|x64
		{5B3AFFCE-81B9-4A66-B2F1-B204D5E03A69}.Debug|x64.Build.0 = Debug|x64
		{5B3AFFCE-81B9-4A66-B2F1-B204D5E03A69}.Debug|x86.ActiveCfg = Debug|Win32
		{5B3AFFCE-81B9-4A66-B2F1-B204D5E03A69}.Debug|x86.Build.0 = Debug|Win32
		{5B3AFFCE-81B9-4A66-B2F1-B204D5E03A69}.Release|x64.ActiveCfg = Release|x64
		{5B3AFFCE-81B9-4A66-B2F1-B204D5E03A69}.Release|x64.Build.0 = Release|x64
		{5B3AFFCE-81B9-4A66-B2F1-B204D5E03A69}.Release|x86.ActiveCfg = Release|Win32
		{5B3AFFCE-81B9-4A66-B2F1-B204D5E03A69}.Release|x86.Build.0 = Release|Win32
	EndGlobalSection
	GlobalSection(SolutionProperties) = preSolution
		HideSolutionNode = FALSE
	EndGlobalSection
	GlobalSection(ExtensibilityGlobals) = postSolution
		SolutionGuid = {08588EAC-B0FB-44D7-B287-BF2840B81E10}
	EndGlobalSection
EndGlobal
